// !$*UTF8*$!
{
	archiveVersion = 1;
	classes = {
	};
	objectVersion = 50;
	objects = {

/* Begin PBXBuildFile section */
		36A23E8078747A3E82953F716FD5EB31 /* PathKit.framework in Frameworks */ = {isa = PBXBuildFile; fileRef = ECD6AC1326AAF8D2767056608D540333 /* PathKit.framework */; };
		4C807C0988C7ACA37EE3F4C6A22AC6A3 /* Environment.swift in Sources */ = {isa = PBXBuildFile; fileRef = 6402BC997B1F1AE625988011C37F78C3 /* Environment.swift */; };
		51BE9CF2D065E907E6AAF6ED47C6F987 /* Result+Extras.swift in Sources */ = {isa = PBXBuildFile; fileRef = 50F5190622CEC0E4FEB33A8D69845D90 /* Result+Extras.swift */; };
		63859F368064C9BC299E3EE49C8AE7E7 /* Shell+Rx.swift in Sources */ = {isa = PBXBuildFile; fileRef = E7CDEAA8D95B4414F5B03480EAB3D467 /* Shell+Rx.swift */; };
		6999B2511DE67774E87D64A249D944AD /* PathKit.framework in Frameworks */ = {isa = PBXBuildFile; fileRef = ECD6AC1326AAF8D2767056608D540333 /* PathKit.framework */; };
		73FF604C85555487B9834BBC3220DD89 /* ProcessRunner.swift in Sources */ = {isa = PBXBuildFile; fileRef = 3FA0929E716B9B8774052CB0B630AC72 /* ProcessRunner.swift */; };
		7619B363F94359C5306A1CC953432766 /* Shell.framework in Frameworks */ = {isa = PBXBuildFile; fileRef = FB1C7E296AD60A4F73C31F125804C9BF /* Shell.framework */; };
		92D5FF80DFE39F727DF178E543D69C58 /* PathKit.framework in Frameworks */ = {isa = PBXBuildFile; fileRef = ECD6AC1326AAF8D2767056608D540333 /* PathKit.framework */; };
		97F28AACC7526124DBC4D97353E228F5 /* Shell.swift in Sources */ = {isa = PBXBuildFile; fileRef = BAE462195CFBDC41B00908182DE3C386 /* Shell.swift */; };
		A822E1E79A2E04D113CA2AFE86E79E24 /* ShellError.swift in Sources */ = {isa = PBXBuildFile; fileRef = 97D2902C0AFD4AC33C99250660CA7E24 /* ShellError.swift */; };
		B9B0D5E91F3996F286C4CD08D8AAF819 /* MockShell.swift in Sources */ = {isa = PBXBuildFile; fileRef = 061A9B387342FE5F3D064FA1712105E6 /* MockShell.swift */; };
		BAA6B4602C26D2B4C4EEAF7B7BC45C9A /* MockProcessRunner.swift in Sources */ = {isa = PBXBuildFile; fileRef = CA7D12CCCF119389BBE5BF7F6B0A42CE /* MockProcessRunner.swift */; };
		C63733DA97E0C06DCDA92491E16CE87D /* Shell.framework in Frameworks */ = {isa = PBXBuildFile; fileRef = FB1C7E296AD60A4F73C31F125804C9BF /* Shell.framework */; };
		F0F9214A58B965221BBABE2878D75FB8 /* String+Extras.swift in Sources */ = {isa = PBXBuildFile; fileRef = F7C1DD777C0F6FD05D2A5CA2ED905AC0 /* String+Extras.swift */; };
		F25CA4195C34766E3CC80623969E5DA1 /* ProcessRunnerError.swift in Sources */ = {isa = PBXBuildFile; fileRef = 2ED5E489AA0BACC34425D76936D01A4D /* ProcessRunnerError.swift */; };
		FB01DF59AC361757ACEF8DC380523E0F /* RxSwift.framework in Frameworks */ = {isa = PBXBuildFile; fileRef = B5E5EE39DAF0DB31B3DA628B92CA5F98 /* RxSwift.framework */; };
/* End PBXBuildFile section */

/* Begin PBXContainerItemProxy section */
		144D7A31B2A0A7E05D8E2F3A3A1CE816 /* PBXContainerItemProxy */ = {
			isa = PBXContainerItemProxy;
			containerPortal = 1B5AE2DBFD9ABBBF8E29B288C5D389EA /* Project object */;
			proxyType = 1;
			remoteGlobalIDString = FACB7C65154707EEDF230E4334E8EA83;
			remoteInfo = Shell;
		};
		C6C5B69699A46BDBB399D1FC4FD614EA /* PBXContainerItemProxy */ = {
			isa = PBXContainerItemProxy;
			containerPortal = 1B5AE2DBFD9ABBBF8E29B288C5D389EA /* Project object */;
			proxyType = 1;
			remoteGlobalIDString = FACB7C65154707EEDF230E4334E8EA83;
			remoteInfo = Shell;
		};
/* End PBXContainerItemProxy section */

/* Begin PBXCopyFilesBuildPhase section */
		3379011BC53D631A26FA3AD4B5954974 /* Embed Frameworks */ = {
			isa = PBXCopyFilesBuildPhase;
			buildActionMask = 2147483647;
			dstSubfolderSpec = 10;
			files = (
			);
			name = "Embed Frameworks";
			runOnlyForDeploymentPostprocessing = 0;
		};
		5F0805278F29577DA7F2EC8BFC74C44D /* Embed Frameworks */ = {
			isa = PBXCopyFilesBuildPhase;
			buildActionMask = 2147483647;
			dstSubfolderSpec = 10;
			files = (
			);
			name = "Embed Frameworks";
			runOnlyForDeploymentPostprocessing = 0;
		};
		BE163BBC373814D22FD077837D599CF5 /* Embed Frameworks */ = {
			isa = PBXCopyFilesBuildPhase;
			buildActionMask = 2147483647;
			dstSubfolderSpec = 10;
			files = (
			);
			name = "Embed Frameworks";
			runOnlyForDeploymentPostprocessing = 0;
		};
/* End PBXCopyFilesBuildPhase section */

/* Begin PBXFileReference section */
		061A9B387342FE5F3D064FA1712105E6 /* MockShell.swift */ = {isa = PBXFileReference; lastKnownFileType = sourcecode.swift; path = MockShell.swift; sourceTree = "<group>"; };
		2251AA1E7CC8B70C8B6E49618AE008EF /* Info.plist */ = {isa = PBXFileReference; lastKnownFileType = text.plist.xml; path = Info.plist; sourceTree = "<group>"; };
		2ED5E489AA0BACC34425D76936D01A4D /* ProcessRunnerError.swift */ = {isa = PBXFileReference; lastKnownFileType = sourcecode.swift; path = ProcessRunnerError.swift; sourceTree = "<group>"; };
		3FA0929E716B9B8774052CB0B630AC72 /* ProcessRunner.swift */ = {isa = PBXFileReference; lastKnownFileType = sourcecode.swift; path = ProcessRunner.swift; sourceTree = "<group>"; };
		50F5190622CEC0E4FEB33A8D69845D90 /* Result+Extras.swift */ = {isa = PBXFileReference; lastKnownFileType = sourcecode.swift; path = "Result+Extras.swift"; sourceTree = "<group>"; };
		6402BC997B1F1AE625988011C37F78C3 /* Environment.swift */ = {isa = PBXFileReference; lastKnownFileType = sourcecode.swift; path = Environment.swift; sourceTree = "<group>"; };
		75FE4E3DA1ADAB1B4626BC710821718B /* ShellTesting.framework */ = {isa = PBXFileReference; explicitFileType = wrapper.framework; includeInIndex = 0; path = ShellTesting.framework; sourceTree = BUILT_PRODUCTS_DIR; };
		833EF406F55A754AF22D748EB98FEF1F /* RxShell.framework */ = {isa = PBXFileReference; explicitFileType = wrapper.framework; includeInIndex = 0; path = RxShell.framework; sourceTree = BUILT_PRODUCTS_DIR; };
		97D2902C0AFD4AC33C99250660CA7E24 /* ShellError.swift */ = {isa = PBXFileReference; lastKnownFileType = sourcecode.swift; path = ShellError.swift; sourceTree = "<group>"; };
		9A65577D92709F5F56C06CC860348F3D /* Project.swift */ = {isa = PBXFileReference; lastKnownFileType = sourcecode.swift; path = Project.swift; sourceTree = "<group>"; };
		B5E5EE39DAF0DB31B3DA628B92CA5F98 /* RxSwift.framework */ = {isa = PBXFileReference; lastKnownFileType = wrapper.framework; path = RxSwift.framework; sourceTree = "<group>"; };
		BAE462195CFBDC41B00908182DE3C386 /* Shell.swift */ = {isa = PBXFileReference; lastKnownFileType = sourcecode.swift; path = Shell.swift; sourceTree = "<group>"; };
		CA7D12CCCF119389BBE5BF7F6B0A42CE /* MockProcessRunner.swift */ = {isa = PBXFileReference; lastKnownFileType = sourcecode.swift; path = MockProcessRunner.swift; sourceTree = "<group>"; };
		E7CDEAA8D95B4414F5B03480EAB3D467 /* Shell+Rx.swift */ = {isa = PBXFileReference; lastKnownFileType = sourcecode.swift; path = "Shell+Rx.swift"; sourceTree = "<group>"; };
		ECD6AC1326AAF8D2767056608D540333 /* PathKit.framework */ = {isa = PBXFileReference; lastKnownFileType = wrapper.framework; path = PathKit.framework; sourceTree = "<group>"; };
		F7C1DD777C0F6FD05D2A5CA2ED905AC0 /* String+Extras.swift */ = {isa = PBXFileReference; lastKnownFileType = sourcecode.swift; path = "String+Extras.swift"; sourceTree = "<group>"; };
		FB1C7E296AD60A4F73C31F125804C9BF /* Shell.framework */ = {isa = PBXFileReference; explicitFileType = wrapper.framework; includeInIndex = 0; path = Shell.framework; sourceTree = BUILT_PRODUCTS_DIR; };
/* End PBXFileReference section */

/* Begin PBXFrameworksBuildPhase section */
		6B31FCB885FB5B5468614C688D3428F4 /* Frameworks */ = {
			isa = PBXFrameworksBuildPhase;
			buildActionMask = 2147483647;
			files = (
				36A23E8078747A3E82953F716FD5EB31 /* PathKit.framework in Frameworks */,
				7619B363F94359C5306A1CC953432766 /* Shell.framework in Frameworks */,
			);
			runOnlyForDeploymentPostprocessing = 0;
		};
		7F7F3D9782B7280879C0769A9C57F32C /* Frameworks */ = {
			isa = PBXFrameworksBuildPhase;
			buildActionMask = 2147483647;
			files = (
				6999B2511DE67774E87D64A249D944AD /* PathKit.framework in Frameworks */,
			);
			runOnlyForDeploymentPostprocessing = 0;
		};
		CED944FC98AEF8AACB48DCE38E733142 /* Frameworks */ = {
			isa = PBXFrameworksBuildPhase;
			buildActionMask = 2147483647;
			files = (
				92D5FF80DFE39F727DF178E543D69C58 /* PathKit.framework in Frameworks */,
				FB01DF59AC361757ACEF8DC380523E0F /* RxSwift.framework in Frameworks */,
				C63733DA97E0C06DCDA92491E16CE87D /* Shell.framework in Frameworks */,
			);
			runOnlyForDeploymentPostprocessing = 0;
		};
/* End PBXFrameworksBuildPhase section */

/* Begin PBXGroup section */
		02C7C4B7C98D4992495CD1A3E59F88DF /* Products */ = {
			isa = PBXGroup;
			children = (
				833EF406F55A754AF22D748EB98FEF1F /* RxShell.framework */,
				FB1C7E296AD60A4F73C31F125804C9BF /* Shell.framework */,
				75FE4E3DA1ADAB1B4626BC710821718B /* ShellTesting.framework */,
			);
			name = Products;
			sourceTree = "<group>";
		};
		07C3188CC6AF1136E68E5EF16E268162 /* Sources */ = {
			isa = PBXGroup;
			children = (
				D7358FE3E0033CB2CDB90EF484B70D3E /* RxShell */,
				6098B9E61BC81D5730E3DB8CA2A59AE4 /* Shell */,
				2AB2284B872E3EF6D36879440569EAE9 /* ShellTesting */,
			);
			path = Sources;
			sourceTree = "<group>";
		};
		1F43A8D5657FF1FD41FCF8F48C43E997 = {
			isa = PBXGroup;
			children = (
				A6B0F8D8D060E619516410934511E216 /* Project */,
				5D7F181625DFBBC24E9026217DFA3ECA /* Manifest */,
				538099D3984DB828A8989653FFC77E52 /* Frameworks */,
				02C7C4B7C98D4992495CD1A3E59F88DF /* Products */,
			);
			sourceTree = "<group>";
		};
		2AB2284B872E3EF6D36879440569EAE9 /* ShellTesting */ = {
			isa = PBXGroup;
			children = (
				CA7D12CCCF119389BBE5BF7F6B0A42CE /* MockProcessRunner.swift */,
				061A9B387342FE5F3D064FA1712105E6 /* MockShell.swift */,
			);
			path = ShellTesting;
			sourceTree = "<group>";
		};
		538099D3984DB828A8989653FFC77E52 /* Frameworks */ = {
			isa = PBXGroup;
			children = (
			);
			name = Frameworks;
			sourceTree = "<group>";
		};
		5D7F181625DFBBC24E9026217DFA3ECA /* Manifest */ = {
			isa = PBXGroup;
			children = (
				9A65577D92709F5F56C06CC860348F3D /* Project.swift */,
			);
			name = Manifest;
			sourceTree = "<group>";
		};
		6098B9E61BC81D5730E3DB8CA2A59AE4 /* Shell */ = {
			isa = PBXGroup;
			children = (
				6402BC997B1F1AE625988011C37F78C3 /* Environment.swift */,
				3FA0929E716B9B8774052CB0B630AC72 /* ProcessRunner.swift */,
				2ED5E489AA0BACC34425D76936D01A4D /* ProcessRunnerError.swift */,
				50F5190622CEC0E4FEB33A8D69845D90 /* Result+Extras.swift */,
				BAE462195CFBDC41B00908182DE3C386 /* Shell.swift */,
				97D2902C0AFD4AC33C99250660CA7E24 /* ShellError.swift */,
				F7C1DD777C0F6FD05D2A5CA2ED905AC0 /* String+Extras.swift */,
			);
			path = Shell;
			sourceTree = "<group>";
		};
		73CCD53BE7673DC2649CF148BF0A0874 /* Mac */ = {
			isa = PBXGroup;
			children = (
				ECD6AC1326AAF8D2767056608D540333 /* PathKit.framework */,
				B5E5EE39DAF0DB31B3DA628B92CA5F98 /* RxSwift.framework */,
			);
			path = Mac;
			sourceTree = "<group>";
		};
		8647178BEA448AF8E3E76BF7339CCDF6 /* Carthage */ = {
			isa = PBXGroup;
			children = (
				8C17AFB36DEFF219DAF36A4D5E5D5BA2 /* Build */,
			);
			path = Carthage;
			sourceTree = "<group>";
		};
		8C17AFB36DEFF219DAF36A4D5E5D5BA2 /* Build */ = {
			isa = PBXGroup;
			children = (
				73CCD53BE7673DC2649CF148BF0A0874 /* Mac */,
			);
			path = Build;
			sourceTree = "<group>";
		};
		A6B0F8D8D060E619516410934511E216 /* Project */ = {
			isa = PBXGroup;
			children = (
				2251AA1E7CC8B70C8B6E49618AE008EF /* Info.plist */,
				07C3188CC6AF1136E68E5EF16E268162 /* Sources */,
				8647178BEA448AF8E3E76BF7339CCDF6 /* Carthage */,
			);
			name = Project;
			sourceTree = "<group>";
		};
		D7358FE3E0033CB2CDB90EF484B70D3E /* RxShell */ = {
			isa = PBXGroup;
			children = (
				E7CDEAA8D95B4414F5B03480EAB3D467 /* Shell+Rx.swift */,
			);
			path = RxShell;
			sourceTree = "<group>";
		};
/* End PBXGroup section */

/* Begin PBXNativeTarget section */
		15C87C2CD5F47A7C863CE602B139A38C /* ShellTesting */ = {
			isa = PBXNativeTarget;
			buildConfigurationList = C0C760C79F0391594912A15D3D4C4F5C /* Build configuration list for PBXNativeTarget "ShellTesting" */;
			buildPhases = (
				F8F43D6EABFD44C3B4929706F60C8E37 /* Sources */,
				DFF3F4E0B766BCA6E84E2F6F0A256140 /* Resources */,
				29A46CD77A2D97A4031C9BF87A3DCE2B /* Embed Precompiled Frameworks */,
				BE163BBC373814D22FD077837D599CF5 /* Embed Frameworks */,
				6B31FCB885FB5B5468614C688D3428F4 /* Frameworks */,
			);
			buildRules = (
			);
			dependencies = (
				3CF5EB283CF28C950EDCDD092F5757C1 /* PBXTargetDependency */,
			);
			name = ShellTesting;
			productName = ShellTesting;
			productReference = 75FE4E3DA1ADAB1B4626BC710821718B /* ShellTesting.framework */;
			productType = "com.apple.product-type.framework";
		};
		AB4ED1ECD2E80A62CCAD54E7AA71EE82 /* RxShell */ = {
			isa = PBXNativeTarget;
			buildConfigurationList = AF65D00CFCACBCF6E004738C4214CA23 /* Build configuration list for PBXNativeTarget "RxShell" */;
			buildPhases = (
				99BABD6CD5AB016003D895A9CB288C73 /* Sources */,
				68F2A8BCA87B40334BB9B80DC711485D /* Resources */,
				4EBBCE7FF99BA35F242A719F2B82E7A7 /* Embed Precompiled Frameworks */,
				3379011BC53D631A26FA3AD4B5954974 /* Embed Frameworks */,
				CED944FC98AEF8AACB48DCE38E733142 /* Frameworks */,
			);
			buildRules = (
			);
			dependencies = (
				775546B80808959054255F59FEC3B42E /* PBXTargetDependency */,
			);
			name = RxShell;
			productName = RxShell;
			productReference = 833EF406F55A754AF22D748EB98FEF1F /* RxShell.framework */;
			productType = "com.apple.product-type.framework";
		};
		FACB7C65154707EEDF230E4334E8EA83 /* Shell */ = {
			isa = PBXNativeTarget;
			buildConfigurationList = 2FB557743294015557D49EBF5297798F /* Build configuration list for PBXNativeTarget "Shell" */;
			buildPhases = (
				FAE5E606F494C93A4D43607CB4DE100A /* Sources */,
				A5BAF6423C0F3BBBFBF98E68B33A4509 /* Resources */,
				4B8B7538AF04478D16E2C021E9E0D8B3 /* Embed Precompiled Frameworks */,
				5F0805278F29577DA7F2EC8BFC74C44D /* Embed Frameworks */,
				7F7F3D9782B7280879C0769A9C57F32C /* Frameworks */,
			);
			buildRules = (
			);
			dependencies = (
			);
			name = Shell;
			productName = Shell;
			productReference = FB1C7E296AD60A4F73C31F125804C9BF /* Shell.framework */;
			productType = "com.apple.product-type.framework";
		};
/* End PBXNativeTarget section */

/* Begin PBXProject section */
		1B5AE2DBFD9ABBBF8E29B288C5D389EA /* Project object */ = {
			isa = PBXProject;
			attributes = {
			};
			buildConfigurationList = 41EE8B8ABCEA927552F59AF5A7BE07D8 /* Build configuration list for PBXProject "Shell-Carthage" */;
			compatibilityVersion = "Xcode 9.3";
			developmentRegion = en;
			hasScannedForEncodings = 0;
			knownRegions = (
				en,
			);
			mainGroup = 1F43A8D5657FF1FD41FCF8F48C43E997;
			productRefGroup = 02C7C4B7C98D4992495CD1A3E59F88DF /* Products */;
			projectDirPath = "";
			projectRoot = "";
			targets = (
				FACB7C65154707EEDF230E4334E8EA83 /* Shell */,
				15C87C2CD5F47A7C863CE602B139A38C /* ShellTesting */,
				AB4ED1ECD2E80A62CCAD54E7AA71EE82 /* RxShell */,
			);
		};
/* End PBXProject section */

/* Begin PBXResourcesBuildPhase section */
		68F2A8BCA87B40334BB9B80DC711485D /* Resources */ = {
			isa = PBXResourcesBuildPhase;
			buildActionMask = 2147483647;
			files = (
			);
			runOnlyForDeploymentPostprocessing = 0;
		};
		A5BAF6423C0F3BBBFBF98E68B33A4509 /* Resources */ = {
			isa = PBXResourcesBuildPhase;
			buildActionMask = 2147483647;
			files = (
			);
			runOnlyForDeploymentPostprocessing = 0;
		};
		DFF3F4E0B766BCA6E84E2F6F0A256140 /* Resources */ = {
			isa = PBXResourcesBuildPhase;
			buildActionMask = 2147483647;
			files = (
			);
			runOnlyForDeploymentPostprocessing = 0;
		};
/* End PBXResourcesBuildPhase section */

/* Begin PBXShellScriptBuildPhase section */
		29A46CD77A2D97A4031C9BF87A3DCE2B /* Embed Precompiled Frameworks */ = {
			isa = PBXShellScriptBuildPhase;
			buildActionMask = 2147483647;
			files = (
			);
			inputPaths = (
			);
			name = "Embed Precompiled Frameworks";
			outputPaths = (
			);
			runOnlyForDeploymentPostprocessing = 0;
			shellPath = /bin/sh;
			shellScript = "echo \"Skipping, nothing to be embedded.\"";
		};
		4B8B7538AF04478D16E2C021E9E0D8B3 /* Embed Precompiled Frameworks */ = {
			isa = PBXShellScriptBuildPhase;
			buildActionMask = 2147483647;
			files = (
			);
			inputPaths = (
			);
			name = "Embed Precompiled Frameworks";
			outputPaths = (
			);
			runOnlyForDeploymentPostprocessing = 0;
			shellPath = /bin/sh;
			shellScript = "echo \"Skipping, nothing to be embedded.\"";
		};
		4EBBCE7FF99BA35F242A719F2B82E7A7 /* Embed Precompiled Frameworks */ = {
			isa = PBXShellScriptBuildPhase;
			buildActionMask = 2147483647;
			files = (
			);
			inputPaths = (
			);
			name = "Embed Precompiled Frameworks";
			outputPaths = (
			);
			runOnlyForDeploymentPostprocessing = 0;
			shellPath = /bin/sh;
			shellScript = "echo \"Skipping, nothing to be embedded.\"";
		};
/* End PBXShellScriptBuildPhase section */

/* Begin PBXSourcesBuildPhase section */
		99BABD6CD5AB016003D895A9CB288C73 /* Sources */ = {
			isa = PBXSourcesBuildPhase;
			buildActionMask = 2147483647;
			files = (
				63859F368064C9BC299E3EE49C8AE7E7 /* Shell+Rx.swift in Sources */,
			);
			runOnlyForDeploymentPostprocessing = 0;
		};
		F8F43D6EABFD44C3B4929706F60C8E37 /* Sources */ = {
			isa = PBXSourcesBuildPhase;
			buildActionMask = 2147483647;
			files = (
				BAA6B4602C26D2B4C4EEAF7B7BC45C9A /* MockProcessRunner.swift in Sources */,
				B9B0D5E91F3996F286C4CD08D8AAF819 /* MockShell.swift in Sources */,
			);
			runOnlyForDeploymentPostprocessing = 0;
		};
		FAE5E606F494C93A4D43607CB4DE100A /* Sources */ = {
			isa = PBXSourcesBuildPhase;
			buildActionMask = 2147483647;
			files = (
				4C807C0988C7ACA37EE3F4C6A22AC6A3 /* Environment.swift in Sources */,
				73FF604C85555487B9834BBC3220DD89 /* ProcessRunner.swift in Sources */,
				F25CA4195C34766E3CC80623969E5DA1 /* ProcessRunnerError.swift in Sources */,
				51BE9CF2D065E907E6AAF6ED47C6F987 /* Result+Extras.swift in Sources */,
				97F28AACC7526124DBC4D97353E228F5 /* Shell.swift in Sources */,
				A822E1E79A2E04D113CA2AFE86E79E24 /* ShellError.swift in Sources */,
				F0F9214A58B965221BBABE2878D75FB8 /* String+Extras.swift in Sources */,
			);
			runOnlyForDeploymentPostprocessing = 0;
		};
/* End PBXSourcesBuildPhase section */

/* Begin PBXTargetDependency section */
		3CF5EB283CF28C950EDCDD092F5757C1 /* PBXTargetDependency */ = {
			isa = PBXTargetDependency;
			name = Shell;
			target = FACB7C65154707EEDF230E4334E8EA83 /* Shell */;
			targetProxy = C6C5B69699A46BDBB399D1FC4FD614EA /* PBXContainerItemProxy */;
		};
		775546B80808959054255F59FEC3B42E /* PBXTargetDependency */ = {
			isa = PBXTargetDependency;
			name = Shell;
			target = FACB7C65154707EEDF230E4334E8EA83 /* Shell */;
			targetProxy = 144D7A31B2A0A7E05D8E2F3A3A1CE816 /* PBXContainerItemProxy */;
		};
/* End PBXTargetDependency section */

/* Begin XCBuildConfiguration section */
		0EEF784875B6E97D18348754E0E174FB /* Release */ = {
			isa = XCBuildConfiguration;
			buildSettings = {
				CODE_SIGN_IDENTITY = "";
				COMBINE_HIDPI_IMAGES = YES;
				CURRENT_PROJECT_VERSION = 1;
				DEFINES_MODULE = YES;
				DYLIB_COMPATIBILITY_VERSION = 1;
				DYLIB_CURRENT_VERSION = 1;
				DYLIB_INSTALL_NAME_BASE = "@rpath";
				FRAMEWORK_SEARCH_PATHS = (
					"$(inherited)",
					"$(SRCROOT)/Carthage/Build/Mac",
				);
				FRAMEWORK_VERSION = A;
				INFOPLIST_FILE = "$(SRCROOT)/Info.plist";
				INSTALL_PATH = "$(LOCAL_LIBRARY_DIR)/Frameworks";
				LD_RUNPATH_SEARCH_PATHS = (
					"$(inherited)",
					"@executable_path/../Frameworks",
					"@loader_path/../Frameworks",
					"$(inherited)",
					"@executable_path/../Frameworks",
					"@loader_path/../Frameworks",
				);
				PRODUCT_BUNDLE_IDENTIFIER = io.tuist.ShellTesting;
				PRODUCT_NAME = "$(TARGET_NAME:c99extidentifier)";
				SDKROOT = macosx;
				SKIP_INSTALL = YES;
				SUPPORTED_PLATFORMS = macosx;
				SWIFT_ACTIVE_COMPILATION_CONDITIONS = DEBUG;
				SWIFT_OPTIMIZATION_LEVEL = "-Owholemodule";
				SWIFT_VERSION = 5.0;
				VERSIONING_SYSTEM = "apple-generic";
				VERSION_INFO_PREFIX = "";
			};
			name = Release;
		};
		1EFE08A19C4C5812DE3E84C99E774CE7 /* Debug */ = {
			isa = XCBuildConfiguration;
			buildSettings = {
				ALWAYS_SEARCH_USER_PATHS = NO;
				CLANG_ANALYZER_NONNULL = YES;
				CLANG_ANALYZER_NUMBER_OBJECT_CONVERSION = YES_AGGRESSIVE;
				CLANG_CXX_LANGUAGE_STANDARD = "gnu++14";
				CLANG_CXX_LIBRARY = "libc++";
				CLANG_ENABLE_MODULES = YES;
				CLANG_ENABLE_OBJC_ARC = YES;
				CLANG_ENABLE_OBJC_WEAK = YES;
				CLANG_WARN_BLOCK_CAPTURE_AUTORELEASING = YES;
				CLANG_WARN_BOOL_CONVERSION = YES;
				CLANG_WARN_COMMA = YES;
				CLANG_WARN_CONSTANT_CONVERSION = YES;
				CLANG_WARN_DEPRECATED_OBJC_IMPLEMENTATIONS = YES;
				CLANG_WARN_DIRECT_OBJC_ISA_USAGE = YES_ERROR;
				CLANG_WARN_DOCUMENTATION_COMMENTS = YES;
				CLANG_WARN_EMPTY_BODY = YES;
				CLANG_WARN_ENUM_CONVERSION = YES;
				CLANG_WARN_INFINITE_RECURSION = YES;
				CLANG_WARN_INT_CONVERSION = YES;
				CLANG_WARN_NON_LITERAL_NULL_CONVERSION = YES;
				CLANG_WARN_OBJC_IMPLICIT_RETAIN_SELF = YES;
				CLANG_WARN_OBJC_LITERAL_CONVERSION = YES;
				CLANG_WARN_OBJC_ROOT_CLASS = YES_ERROR;
				CLANG_WARN_RANGE_LOOP_ANALYSIS = YES;
				CLANG_WARN_STRICT_PROTOTYPES = YES;
				CLANG_WARN_SUSPICIOUS_MOVE = YES;
				CLANG_WARN_UNGUARDED_AVAILABILITY = YES_AGGRESSIVE;
				CLANG_WARN_UNREACHABLE_CODE = YES;
				CLANG_WARN__DUPLICATE_METHOD_MATCH = YES;
				COPY_PHASE_STRIP = NO;
				DEBUG_INFORMATION_FORMAT = dwarf;
				ENABLE_STRICT_OBJC_MSGSEND = YES;
				ENABLE_TESTABILITY = YES;
				GCC_C_LANGUAGE_STANDARD = gnu11;
				GCC_DYNAMIC_NO_PIC = NO;
				GCC_NO_COMMON_BLOCKS = YES;
				GCC_OPTIMIZATION_LEVEL = 0;
				GCC_PREPROCESSOR_DEFINITIONS = (
					"DEBUG=1",
					"$(inherited)",
				);
				GCC_WARN_64_TO_32_BIT_CONVERSION = YES;
				GCC_WARN_ABOUT_RETURN_TYPE = YES_ERROR;
				GCC_WARN_UNDECLARED_SELECTOR = YES;
				GCC_WARN_UNINITIALIZED_AUTOS = YES_AGGRESSIVE;
				GCC_WARN_UNUSED_FUNCTION = YES;
				GCC_WARN_UNUSED_VARIABLE = YES;
				MTL_ENABLE_DEBUG_INFO = YES;
				ONLY_ACTIVE_ARCH = YES;
				PRODUCT_NAME = "$(TARGET_NAME)";
			};
			name = Debug;
		};
		3C1E0218C2E249BD500711B1B8599A84 /* Release */ = {
			isa = XCBuildConfiguration;
			buildSettings = {
				CODE_SIGN_IDENTITY = "";
				COMBINE_HIDPI_IMAGES = YES;
				CURRENT_PROJECT_VERSION = 1;
				DEFINES_MODULE = YES;
				DYLIB_COMPATIBILITY_VERSION = 1;
				DYLIB_CURRENT_VERSION = 1;
				DYLIB_INSTALL_NAME_BASE = "@rpath";
				ENABLE_TESTABILITY = YES;
				FRAMEWORK_SEARCH_PATHS = (
					"$(inherited)",
					"$(SRCROOT)/Carthage/Build/Mac",
				);
				FRAMEWORK_VERSION = A;
				INFOPLIST_FILE = "$(SRCROOT)/Info.plist";
				INSTALL_PATH = "$(LOCAL_LIBRARY_DIR)/Frameworks";
				LD_RUNPATH_SEARCH_PATHS = (
					"$(inherited)",
					"@executable_path/../Frameworks",
					"@loader_path/../Frameworks",
					"$(inherited)",
					"@executable_path/../Frameworks",
					"@loader_path/../Frameworks",
				);
				PRODUCT_BUNDLE_IDENTIFIER = io.tuist.Shell;
				PRODUCT_NAME = "$(TARGET_NAME:c99extidentifier)";
				SDKROOT = macosx;
				SKIP_INSTALL = YES;
				SUPPORTED_PLATFORMS = macosx;
				SWIFT_ACTIVE_COMPILATION_CONDITIONS = DEBUG;
				SWIFT_OPTIMIZATION_LEVEL = "-Owholemodule";
				SWIFT_VERSION = 5.0;
				VERSIONING_SYSTEM = "apple-generic";
				VERSION_INFO_PREFIX = "";
			};
			name = Release;
		};
		87DA96F38F6F23E9072DC1BA9FF224A3 /* Debug */ = {
			isa = XCBuildConfiguration;
			buildSettings = {
				CODE_SIGN_IDENTITY = "";
				COMBINE_HIDPI_IMAGES = YES;
				CURRENT_PROJECT_VERSION = 1;
				DEFINES_MODULE = YES;
				DYLIB_COMPATIBILITY_VERSION = 1;
				DYLIB_CURRENT_VERSION = 1;
				DYLIB_INSTALL_NAME_BASE = "@rpath";
				FRAMEWORK_SEARCH_PATHS = (
					"$(inherited)",
					"$(SRCROOT)/Carthage/Build/Mac",
				);
				FRAMEWORK_VERSION = A;
				INFOPLIST_FILE = "$(SRCROOT)/Info.plist";
				INSTALL_PATH = "$(LOCAL_LIBRARY_DIR)/Frameworks";
				LD_RUNPATH_SEARCH_PATHS = (
					"$(inherited)",
					"@executable_path/../Frameworks",
					"@loader_path/../Frameworks",
					"$(inherited)",
					"@executable_path/../Frameworks",
					"@loader_path/../Frameworks",
				);
				PRODUCT_BUNDLE_IDENTIFIER = io.tuist.RxShell;
				PRODUCT_NAME = "$(TARGET_NAME:c99extidentifier)";
				SDKROOT = macosx;
				SKIP_INSTALL = YES;
				SUPPORTED_PLATFORMS = macosx;
				SWIFT_ACTIVE_COMPILATION_CONDITIONS = DEBUG;
				SWIFT_OPTIMIZATION_LEVEL = "-Onone";
				SWIFT_VERSION = 5.0;
				VERSIONING_SYSTEM = "apple-generic";
				VERSION_INFO_PREFIX = "";
			};
			name = Debug;
		};
		A2759529BB42F33B268AF842FFAF18F8 /* Release */ = {
			isa = XCBuildConfiguration;
			buildSettings = {
				CODE_SIGN_IDENTITY = "";
				COMBINE_HIDPI_IMAGES = YES;
				CURRENT_PROJECT_VERSION = 1;
				DEFINES_MODULE = YES;
				DYLIB_COMPATIBILITY_VERSION = 1;
				DYLIB_CURRENT_VERSION = 1;
				DYLIB_INSTALL_NAME_BASE = "@rpath";
				FRAMEWORK_SEARCH_PATHS = (
					"$(inherited)",
					"$(SRCROOT)/Carthage/Build/Mac",
				);
				FRAMEWORK_VERSION = A;
				INFOPLIST_FILE = "$(SRCROOT)/Info.plist";
				INSTALL_PATH = "$(LOCAL_LIBRARY_DIR)/Frameworks";
				LD_RUNPATH_SEARCH_PATHS = (
					"$(inherited)",
					"@executable_path/../Frameworks",
					"@loader_path/../Frameworks",
					"$(inherited)",
					"@executable_path/../Frameworks",
					"@loader_path/../Frameworks",
				);
				PRODUCT_BUNDLE_IDENTIFIER = io.tuist.RxShell;
				PRODUCT_NAME = "$(TARGET_NAME:c99extidentifier)";
				SDKROOT = macosx;
				SKIP_INSTALL = YES;
				SUPPORTED_PLATFORMS = macosx;
				SWIFT_ACTIVE_COMPILATION_CONDITIONS = DEBUG;
				SWIFT_OPTIMIZATION_LEVEL = "-Owholemodule";
				SWIFT_VERSION = 5.0;
				VERSIONING_SYSTEM = "apple-generic";
				VERSION_INFO_PREFIX = "";
			};
			name = Release;
		};
		C761E54C96EF5CE5FE63DDD8BBD97A60 /* Debug */ = {
			isa = XCBuildConfiguration;
			buildSettings = {
				CODE_SIGN_IDENTITY = "";
				COMBINE_HIDPI_IMAGES = YES;
				CURRENT_PROJECT_VERSION = 1;
				DEFINES_MODULE = YES;
				DYLIB_COMPATIBILITY_VERSION = 1;
				DYLIB_CURRENT_VERSION = 1;
				DYLIB_INSTALL_NAME_BASE = "@rpath";
				FRAMEWORK_SEARCH_PATHS = (
					"$(inherited)",
					"$(SRCROOT)/Carthage/Build/Mac",
				);
				FRAMEWORK_VERSION = A;
				INFOPLIST_FILE = "$(SRCROOT)/Info.plist";
				INSTALL_PATH = "$(LOCAL_LIBRARY_DIR)/Frameworks";
				LD_RUNPATH_SEARCH_PATHS = (
					"$(inherited)",
					"@executable_path/../Frameworks",
					"@loader_path/../Frameworks",
					"$(inherited)",
					"@executable_path/../Frameworks",
					"@loader_path/../Frameworks",
				);
				PRODUCT_BUNDLE_IDENTIFIER = io.tuist.ShellTesting;
				PRODUCT_NAME = "$(TARGET_NAME:c99extidentifier)";
				SDKROOT = macosx;
				SKIP_INSTALL = YES;
				SUPPORTED_PLATFORMS = macosx;
				SWIFT_ACTIVE_COMPILATION_CONDITIONS = DEBUG;
				SWIFT_OPTIMIZATION_LEVEL = "-Onone";
				SWIFT_VERSION = 5.0;
				VERSIONING_SYSTEM = "apple-generic";
				VERSION_INFO_PREFIX = "";
			};
			name = Debug;
		};
		CDAF24C06409E56FC26183302C2EA65C /* Release */ = {
			isa = XCBuildConfiguration;
			buildSettings = {
				ALWAYS_SEARCH_USER_PATHS = NO;
				CLANG_ANALYZER_NONNULL = YES;
				CLANG_ANALYZER_NUMBER_OBJECT_CONVERSION = YES_AGGRESSIVE;
				CLANG_CXX_LANGUAGE_STANDARD = "gnu++14";
				CLANG_CXX_LIBRARY = "libc++";
				CLANG_ENABLE_MODULES = YES;
				CLANG_ENABLE_OBJC_ARC = YES;
				CLANG_ENABLE_OBJC_WEAK = YES;
				CLANG_WARN_BLOCK_CAPTURE_AUTORELEASING = YES;
				CLANG_WARN_BOOL_CONVERSION = YES;
				CLANG_WARN_COMMA = YES;
				CLANG_WARN_CONSTANT_CONVERSION = YES;
				CLANG_WARN_DEPRECATED_OBJC_IMPLEMENTATIONS = YES;
				CLANG_WARN_DIRECT_OBJC_ISA_USAGE = YES_ERROR;
				CLANG_WARN_DOCUMENTATION_COMMENTS = YES;
				CLANG_WARN_EMPTY_BODY = YES;
				CLANG_WARN_ENUM_CONVERSION = YES;
				CLANG_WARN_INFINITE_RECURSION = YES;
				CLANG_WARN_INT_CONVERSION = YES;
				CLANG_WARN_NON_LITERAL_NULL_CONVERSION = YES;
				CLANG_WARN_OBJC_IMPLICIT_RETAIN_SELF = YES;
				CLANG_WARN_OBJC_LITERAL_CONVERSION = YES;
				CLANG_WARN_OBJC_ROOT_CLASS = YES_ERROR;
				CLANG_WARN_RANGE_LOOP_ANALYSIS = YES;
				CLANG_WARN_STRICT_PROTOTYPES = YES;
				CLANG_WARN_SUSPICIOUS_MOVE = YES;
				CLANG_WARN_UNGUARDED_AVAILABILITY = YES_AGGRESSIVE;
				CLANG_WARN_UNREACHABLE_CODE = YES;
				CLANG_WARN__DUPLICATE_METHOD_MATCH = YES;
				COPY_PHASE_STRIP = NO;
				DEBUG_INFORMATION_FORMAT = "dwarf-with-dsym";
				ENABLE_NS_ASSERTIONS = NO;
				ENABLE_STRICT_OBJC_MSGSEND = YES;
				GCC_C_LANGUAGE_STANDARD = gnu11;
				GCC_NO_COMMON_BLOCKS = YES;
				GCC_WARN_64_TO_32_BIT_CONVERSION = YES;
				GCC_WARN_ABOUT_RETURN_TYPE = YES_ERROR;
				GCC_WARN_UNDECLARED_SELECTOR = YES;
				GCC_WARN_UNINITIALIZED_AUTOS = YES_AGGRESSIVE;
				GCC_WARN_UNUSED_FUNCTION = YES;
				GCC_WARN_UNUSED_VARIABLE = YES;
				MTL_ENABLE_DEBUG_INFO = NO;
				PRODUCT_NAME = "$(TARGET_NAME)";
			};
			name = Release;
		};
		D5932716014C60A5C9726F52C9C59F88 /* Debug */ = {
			isa = XCBuildConfiguration;
			buildSettings = {
				CODE_SIGN_IDENTITY = "";
				COMBINE_HIDPI_IMAGES = YES;
				CURRENT_PROJECT_VERSION = 1;
				DEFINES_MODULE = YES;
				DYLIB_COMPATIBILITY_VERSION = 1;
				DYLIB_CURRENT_VERSION = 1;
				DYLIB_INSTALL_NAME_BASE = "@rpath";
				ENABLE_TESTABILITY = YES;
				FRAMEWORK_SEARCH_PATHS = (
					"$(inherited)",
					"$(SRCROOT)/Carthage/Build/Mac",
				);
				FRAMEWORK_VERSION = A;
				INFOPLIST_FILE = "$(SRCROOT)/Info.plist";
				INSTALL_PATH = "$(LOCAL_LIBRARY_DIR)/Frameworks";
				LD_RUNPATH_SEARCH_PATHS = (
					"$(inherited)",
					"@executable_path/../Frameworks",
					"@loader_path/../Frameworks",
					"$(inherited)",
					"@executable_path/../Frameworks",
					"@loader_path/../Frameworks",
				);
				PRODUCT_BUNDLE_IDENTIFIER = io.tuist.Shell;
				PRODUCT_NAME = "$(TARGET_NAME:c99extidentifier)";
				SDKROOT = macosx;
				SKIP_INSTALL = YES;
				SUPPORTED_PLATFORMS = macosx;
				SWIFT_ACTIVE_COMPILATION_CONDITIONS = DEBUG;
				SWIFT_OPTIMIZATION_LEVEL = "-Onone";
				SWIFT_VERSION = 5.0;
				VERSIONING_SYSTEM = "apple-generic";
				VERSION_INFO_PREFIX = "";
			};
			name = Debug;
		};
/* End XCBuildConfiguration section */

/* Begin XCConfigurationList section */
		2FB557743294015557D49EBF5297798F /* Build configuration list for PBXNativeTarget "Shell" */ = {
			isa = XCConfigurationList;
			buildConfigurations = (
				D5932716014C60A5C9726F52C9C59F88 /* Debug */,
				3C1E0218C2E249BD500711B1B8599A84 /* Release */,
			);
			defaultConfigurationIsVisible = 0;
			defaultConfigurationName = Release;
		};
		41EE8B8ABCEA927552F59AF5A7BE07D8 /* Build configuration list for PBXProject "Shell-Carthage" */ = {
			isa = XCConfigurationList;
			buildConfigurations = (
				1EFE08A19C4C5812DE3E84C99E774CE7 /* Debug */,
				CDAF24C06409E56FC26183302C2EA65C /* Release */,
			);
			defaultConfigurationIsVisible = 0;
			defaultConfigurationName = Release;
		};
		AF65D00CFCACBCF6E004738C4214CA23 /* Build configuration list for PBXNativeTarget "RxShell" */ = {
			isa = XCConfigurationList;
			buildConfigurations = (
				87DA96F38F6F23E9072DC1BA9FF224A3 /* Debug */,
				A2759529BB42F33B268AF842FFAF18F8 /* Release */,
			);
			defaultConfigurationIsVisible = 0;
			defaultConfigurationName = Release;
		};
		C0C760C79F0391594912A15D3D4C4F5C /* Build configuration list for PBXNativeTarget "ShellTesting" */ = {
			isa = XCConfigurationList;
			buildConfigurations = (
				C761E54C96EF5CE5FE63DDD8BBD97A60 /* Debug */,
				0EEF784875B6E97D18348754E0E174FB /* Release */,
			);
			defaultConfigurationIsVisible = 0;
			defaultConfigurationName = Release;
		};
/* End XCConfigurationList section */
	};
	rootObject = 1B5AE2DBFD9ABBBF8E29B288C5D389EA /* Project object */;
}
